
Microsoft Visual Studio Solution File, Format Version 12.00
# Visual Studio 16
Project("{FAE04EC0-301F-11D3-BF4B-00C04F79EFBC}") = "Assembly-CSharp", "Assembly-CSharp.csproj", "{82EA13ED-ACC8-9CDC-F3CB-0FB21AE3EE76}"
EndProject
Project("{FAE04EC0-301F-11D3-BF4B-00C04F79EFBC}") = "Assembly-CSharp-Editor", "Assembly-CSharp-Editor.csproj", "{A365739B-48E7-02B6-295D-D86344953B2D}"
EndProject
Global
	GlobalSection(SolutionConfigurationPlatforms) = preSolution
		Debug|Any CPU = Debug|Any CPU
		Release|Any CPU = Release|Any CPU
	EndGlobalSection
	GlobalSection(ProjectConfigurationPlatforms) = postSolution
		{82EA13ED-ACC8-9CDC-F3CB-0FB21AE3EE76}.Debug|Any CPU.ActiveCfg = Debug|Any CPU
		{82EA13ED-ACC8-9CDC-F3CB-0FB21AE3EE76}.Debug|Any CPU.Build.0 = Debug|Any CPU
		{82EA13ED-ACC8-9CDC-F3CB-0FB21AE3EE76}.Release|Any CPU.ActiveCfg = Release|Any CPU
		{82EA13ED-ACC8-9CDC-F3CB-0FB21AE3EE76}.Release|Any CPU.Build.0 = Release|Any CPU
		{A365739B-48E7-02B6-295D-D86344953B2D}.Debug|Any CPU.ActiveCfg = Debug|Any CPU
		{A365739B-48E7-02B6-295D-D86344953B2D}.Debug|Any CPU.Build.0 = Debug|Any CPU
		{A365739B-48E7-02B6-295D-D86344953B2D}.Release|Any CPU.ActiveCfg = Release|Any CPU
		{A365739B-48E7-02B6-295D-D86344953B2D}.Release|Any CPU.Build.0 = Release|Any CPU
	EndGlobalSection
	GlobalSection(SolutionProperties) = preSolution
		HideSolutionNode = FALSE
	EndGlobalSection
EndGlobal
